# What each anchor, watched author and watched journal matched in OpenAlex.
# Written automatically on the first run. Check entries marked check: true.
# To fix a wrong match, replace the id by hand (search https://openalex.org)
# and set manual: true so it is never overwritten; set id: null to skip.
anchors:
  guyer-2004:
    id: W652586060
    also: []
    matched: 'Marginal Gains: Monetary Transactions in Atlantic Africa'
    year: 2004
    cited_by_count: 1048
    score: 1.0
    check: false
    s2_id: ec36f2b3cbf4ae4489b06b451f7ce88127df0f46
  guyer-1995:
    id: W602784359
    also:
    - W2587841287
    matched: Money Matters (book; second record merged)
    manual: true
    check: false
    cited_by_count: 324
    s2_id: 1a281854391e8db5a7f1c46041cb78043fa57938
  hart-1986:
    id: W2796044394
    also: []
    matched: Heads or Tails? Two Sides of the Coin
    year: 1986
    cited_by_count: 408
    score: 1.0
    check: false
    s2_id: 871208a21e94d2687012e618091712ac1894ca82
  parry-bloch-1989:
    id: W940597186
    also:
    - W2795836556
    - W2059277899
    - W2610858565
    matched: Money and the Morality of Exchange (book; 3 split records merged)
    manual: true
    check: false
    cited_by_count: 1727
    s2_id: f2796dd5e16b481cec9bc8881da00cac33246914
  shipton-1989:
    id: W1980694719
    also: []
    matched: 'Bitter money : cultural economy and some African meanings of forbidden commodities'
    year: 1989
    cited_by_count: 268
    score: 1.0
    check: false
    s2_id: 45bc8836ae71c4ae533a8317a1ce77fd60e5882f
  hutchinson-1992:
    id: W2104765701
    also: []
    matched: the cattle of money and the cattle of girls among the Nuer, 1930–83
    year: 1992
    cited_by_count: 127
    score: 1.0
    check: false
    s2_id: 6c743d7a86a4f9cfb393ade69869ca10f7d2a90c
  maurer-2006:
    id: W2151376089
    also: []
    matched: The Anthropology of Money
    year: 2006
    cited_by_count: 516
    score: 1.0
    check: false
    s2_id: cd52cfb1fa5acabcb9ba8b84fc874957a9221274
  hart-ortiz-2014:
    id: W2138114649
    also: []
    matched: 'The Anthropology of Money and Finance: Between Ethnography and World History'
    year: 2014
    cited_by_count: 181
    score: 1.0
    check: false
    s2_id: 9f1674ea6358bfb5737fd826d394e13bc9606e25
  lemon-1998:
    id: W2059181516
    also: []
    matched: '"Your Eyes Are Green like Dollars": Counterfeit Cash, National Substance, and Currency Apartheid in
      1990s Russia'
    year: 1998
    cited_by_count: 143
    score: 1.0
    check: false
    s2_id: 13ed3ae4c4ea773e9ff3f4e48f8cb3edd4db0801
  truitt-2013:
    id: W4405608306
    also:
    - W1986721259
    matched: Dreaming of Money in Ho Chi Minh City (book; Choice record merged)
    manual: true
    check: false
    cited_by_count: 86
    s2_id: d31b8fe3256d39359042034f7284cad72f5f7e28
  peebles-2011:
    id: W315156238
    also:
    - W2342698490
    matched: The Euro and Its Rivals (2 records merged)
    manual: true
    check: false
    cited_by_count: 63
    s2_id: 71f34a15e89642804296c30804e3ab22ff52f678
  roitman-2005:
    id: W4255064287
    also:
    - W1556515631
    - W85217055
    matched: Fiscal Disobedience (book; 2 split records merged)
    manual: true
    check: false
    cited_by_count: 1206
    s2_id: 960ad127fd6f8bacf6729c84cb0318d5fd33600b
  neiburg-2006:
    id: W2114206258
    also: []
    matched: 'Inflation: Economists and Economic Cultures in Brazil and Argentina'
    year: 2006
    cited_by_count: 62
    score: 1.0
    check: false
    s2_id: 4ff1c59879750f42cda6ac8a56f341014df57e77
  luzzi-wilkis-2018:
    id: W2809674565
    also: []
    matched: Soybean, bricks, dollars (checked)
    manual: true
    check: false
    cited_by_count: 22
    s2_id: 298a17dc70aaed738366e9fdbe76ad4f2956d65b
  jones-2010:
    id: W2080821977
    also: []
    matched: '‘Nothing is Straight in Zimbabwe’: The Rise of theKukiya-kiyaEconomy 2000–2008'
    year: 2010
    cited_by_count: 242
    score: 0.854
    check: false
    s2_id: 06137ede092170dbaa01b5077b32b7e96f029489
  kuroda-2008:
    id: W2124410629
    also: []
    matched: 'Concurrent but non-integrable currency circuits: complementary relationships among monies in modern
      China and other regions'
    year: 2008
    cited_by_count: 49
    score: 1.0
    check: false
    s2_id: 23db51d58b7bcc53552391da759c1e2c3ea1127b
  holmes-2014:
    id: W1530286258
    also:
    - W4251590235
    matched: Economy of Words (2 book records merged)
    manual: true
    check: false
    cited_by_count: 405
    s2_id: d1893e7c50ce16353f6c17f5e0388239e0f5a2c7
  riles-2011:
    id: W4235516364
    also:
    - W4230690555
    matched: Collateral Knowledge (book; Choice record merged)
    manual: true
    check: false
    cited_by_count: 601
    s2_id: d9fcec9c15d042c1b77c2fc55718f0955b6ea92d
  dodd-2014:
    id: W253920946
    also: []
    matched: The Social Life of Money
    year: 2014
    cited_by_count: 373
    score: 1.0
    check: false
    s2_id: d24e999b2f9dfc67242991f58a637af2b886d11d
  hopkins-1970:
    id: W97404233
    also: []
    matched: 'The Creation of a Colonial Monetary System: The Origins of the West African Currency Board'
    year: 1970
    cited_by_count: 74
    score: 1.0
    check: false
    s2_id: 9331266e699eb9f38ede9a7026f67f06802db6bd
  mwangi-2001:
    id: W2127750936
    also: []
    matched: 'Of Coins and Conquest: The East African Currency Board, The Rupee Crisis, and the Problem of Colonialism
      in the East African Protectorate'
    year: 2001
    cited_by_count: 51
    score: 1.0
    check: false
    s2_id: c34099e5db1112da191f41b534df9d201ceb2eb7
  krozewski-2001:
    id: W2504798669
    also:
    - W616906950
    matched: Money and the End of Empire (book; second record merged)
    manual: true
    check: false
    cited_by_count: 44
    s2_id: c80363126d8f1c43ea31403f7f39d1e0b0aa910a
  strange-1971:
    id: W1980430734
    also:
    - W2331730833
    - W2321737900
    - W2606613564
    - W2334374159
    matched: Sterling and British Policy (book; 4 review records carrying misattributed citations merged)
    manual: true
    check: false
    cited_by_count: 422
    s2_id: 8416d7cc92158d46954b5a2d7752429f84590787
  schenk-2010:
    id: W2272021127
    also:
    - W1737949979
    - W2331167962
    matched: The Decline of Sterling (book; 2 review records carrying citations merged)
    manual: true
    check: false
    cited_by_count: 124
    s2_id: e8a5e50647225b0354a525c6e2feb0cbb8c95c83
  helleiner-2003:
    id: W2076484169
    also:
    - W4241377464
    - W4243835159
    matched: The Making of National Money (book; 2 split records merged)
    manual: true
    check: false
    cited_by_count: 495
    s2_id: 6a79e7bceef6c7dff19b95c36086c28fdfb58878
  pigeaud-sylla-2021:
    id: W3133150818
    also: []
    matched: Africa's Last Colonial Currency (book; first run matched the wrong work)
    manual: true
    check: false
    cited_by_count: 1
    s2_id: 60385be151ad857735c13be88469bfbe8c28d7fb
  cohen-1998:
    id: W1491331654
    also: []
    matched: The Geography of Money (book; 1999 chapter removed)
    manual: true
    check: false
    cited_by_count: 422
    s2_id: cd70e44a44b18d1b5a8a8bbe031e178ce0ca54f2
  kaltenbrunner-2015:
    id: W2252940454
    also: []
    matched: 'A post Keynesian framework of exchange rate determination: a Minskyan approach'
    year: 2015
    cited_by_count: 140
    score: 1.0
    check: false
    s2_id: 8d318996a6e26261e56f69cebecc06c190bde8d5
  kaltenbrunner-painceira-2015:
    id: W2142288378
    also: []
    matched: 'Developing countries’ changing nature of financial integration and new forms of external vulnerability:
      the Brazilian experience'
    year: 2014
    cited_by_count: 124
    score: 1.0
    check: false
    s2_id: 51506a4f9c64d2adc83aefba797ec41bc0a5761f
  fritz-paula-prates-2018:
    id: W2892223864
    also: []
    matched: 'Global currency hierarchy and national policy space: a framework for peripheral economies'
    year: 2018
    cited_by_count: 79
    score: 1.0
    check: false
    s2_id: 96f6646bcda27d972c5e8af9a69f3708f7cace0b
  deconti-prates-plihon-2014:
    id: W2091818342
    also: []
    matched: A hierarquia monetária (checked)
    manual: true
    check: false
    cited_by_count: 52
    s2_id: 51062f377abd6dc2f9eaa4209a1336988e4ff2eb
  alami-etal-2023:
    id: W3185133529
    also: []
    matched: 'International financial subordination: a critical research agenda'
    year: 2022
    cited_by_count: 233
    score: 1.0
    check: false
    s2_id: dad3f42136a652f341c819f5661bb3e6d6a39d93
authors:
  Jane I. Guyer:
    id: A5003675868
    matched: Jane I. Guyer
    institution: ''
    check: false
  Keith Hart:
    id: A5068295164
    matched: Keith Hart
    institution: ''
    check: true
  Bill Maurer:
    id: A5069225752
    matched: Bill Maurer
    institution: University of California, Irvine
    check: true
  Gustav Peebles:
    id: A5026663211
    matched: Gustav Peebles
    institution: Stockholm University
    check: false
  Federico Neiburg:
    id: A5061456753
    matched: Federico Neiburg
    institution: Universidade Federal do Rio de Janeiro
    check: true
  Ariel Wilkis:
    id: A5054133391
    matched: Ariel Wilkis
    institution: Consejo Nacional de Investigaciones Científicas y Técnicas
    check: true
  Mariana Luzzi:
    id: A5055414754
    matched: Mariana Luzzi
    institution: Consejo Nacional de Investigaciones Científicas y Técnicas
    check: false
  Ilias Alami:
    id: A5027232358
    matched: Ilias Alami
    institution: University of Cambridge
    check: false
  Bruno Bonizzi:
    id: A5077028724
    matched: Bruno Bonizzi
    institution: City St George's, University of London
    check: false
  Annina Kaltenbrunner:
    id: A5013325515
    matched: Annina Kaltenbrunner
    institution: University of Leeds
    check: false
  Kai Koddenbrock:
    id: A5049440301
    matched: Kai Koddenbrock
    institution: ''
    check: false
  Ndongo Samba Sylla:
    id: A5035928977
    matched: Ndongo Samba Sylla
    institution: ''
    check: true
  Daniela Magalhães Prates:
    id: A5076947734
    matched: Daniela Magalhães Prates
    institution: ''
    check: true
  Eric Helleiner:
    id: A5068626309
    matched: Eric Helleiner
    institution: ''
    check: true
  Catherine R. Schenk:
    id: A5007915322
    matched: Catherine R. Schenk
    institution: ''
    check: true
  Kevin P. Donovan:
    id: A5080167557
    matched: Kevin P. Donovan
    institution: University of Edinburgh
    check: false
journals:
  Economic Anthropology:
    id: S4210239638
    matched: Economic Anthropology
    check: false
  Journal of the Royal Anthropological Institute:
    id: S65256140
    matched: Journal of the Royal Anthropological Institute
    check: false
  American Ethnologist:
    id: S114801684
    matched: American Ethnologist
    check: false
  Cultural Anthropology:
    id: S22506700
    matched: Cultural Anthropology
    check: false
  American Anthropologist:
    id: S102499938
    matched: American Anthropologist
    check: false
  'HAU: Journal of Ethnographic Theory':
    id: S2764491276
    matched: Hau Journal of Ethnographic Theory
    check: false
  Current Anthropology:
    id: S165709033
    matched: Current Anthropology
    check: false
  Focaal:
    id: S28021636
    matched: Focaal
    check: false
  Social Anthropology:
    id: S20076162
    matched: Social Anthropology
    check: false
  Annual Review of Anthropology:
    id: S195167216
    matched: Annual Review of Anthropology
    check: false
  Economy and Society:
    id: S25250876
    matched: Economy and Society
    check: false
  Journal of Cultural Economy:
    id: S206312523
    matched: Journal of Cultural Economy
    check: false
  Finance and Society:
    id: S4210168463
    matched: Finance and Society
    check: false
  Socio-Economic Review:
    id: S147547362
    matched: Socio-Economic Review
    check: false
  Comparative Studies in Society and History:
    id: S21304105
    matched: Comparative Studies in Society and History
    check: false
  Journal of African History:
    id: S3091228
    matched: The Journal of African History
    check: true
  Africa:
    id: S128375914
    matched: Africa
    check: false
  African Affairs:
    id: S33869021
    matched: African Affairs
    check: false
  Journal of Modern African Studies:
    id: S40252047
    matched: The Journal of Modern African Studies
    check: true
  Journal of Eastern African Studies:
    id: S30572693
    matched: Journal of Eastern African Studies
    check: false
  Journal of Southern African Studies:
    id: S84445930
    matched: Journal of Southern African Studies
    check: false
  Review of African Political Economy:
    id: S36169284
    matched: Review of African Political Economy
    check: false
  African Studies Review:
    id: S196489185
    matched: African Studies Review
    check: false
  Review of International Political Economy:
    id: S2875300
    matched: Review of International Political Economy
    check: false
  New Political Economy:
    id: S146242404
    matched: New Political Economy
    check: false
  Competition & Change:
    id: S187200255
    matched: Competition & Change
    check: false
  Development and Change:
    id: S137192870
    matched: Development and Change
    check: false
  'Environment and Planning A: Economy and Space':
    id: S87933477
    matched: Environment and Planning A Economy and Space
    check: false
  Antipode:
    id: S47624153
    matched: Antipode
    check: false
  Finance and Space:
    id: S4390296615
    matched: Finance and Space
    check: false
  Financial History Review:
    id: S100930738
    matched: Financial History Review
    check: false
  Economic History Review:
    id: S165492527
    matched: The Economic History Review
    check: true
  Business History Review:
    id: S88020226
    matched: The Business History Review
    check: true
  Journal of Imperial and Commonwealth History: null
  Cambridge Journal of Economics:
    id: S67103694
    matched: Cambridge Journal of Economics
    check: false
  Review of Keynesian Economics:
    id: S2764655866
    matched: Review of Keynesian Economics
    check: false
  Journal of Post Keynesian Economics:
    id: S151404345
    matched: Journal of Post Keynesian Economics
    check: false
